Microsoft Visual Studio Solution File, Format Version 12.00
# Visual Studio 2012
Project("{FAE04EC0-301F-11D3-BF4B-00C04F79EFBC}") = "MajouMonogatari-STS2mods", "MajouMonogatari-STS2mods.csproj", "{160911EB-96B4-4AD4-8075-E995D4400B5D}"
EndProject
Global
	GlobalSection(SolutionConfigurationPlatforms) = preSolution
	Debug|Any CPU = Debug|Any CPU
	ExportDebug|Any CPU = ExportDebug|Any CPU
	ExportRelease|Any CPU = ExportRelease|Any CPU
	EndGlobalSection
	GlobalSection(ProjectConfigurationPlatforms) = postSolution
		{160911EB-96B4-4AD4-8075-E995D4400B5D}.Debug|Any CPU.ActiveCfg = Debug|Any CPU
		{160911EB-96B4-4AD4-8075-E995D4400B5D}.Debug|Any CPU.Build.0 = Debug|Any CPU
		{160911EB-96B4-4AD4-8075-E995D4400B5D}.ExportDebug|Any CPU.ActiveCfg = ExportDebug|Any CPU
		{160911EB-96B4-4AD4-8075-E995D4400B5D}.ExportDebug|Any CPU.Build.0 = ExportDebug|Any CPU
		{160911EB-96B4-4AD4-8075-E995D4400B5D}.ExportRelease|Any CPU.ActiveCfg = ExportRelease|Any CPU
		{160911EB-96B4-4AD4-8075-E995D4400B5D}.ExportRelease|Any CPU.Build.0 = ExportRelease|Any CPU
	EndGlobalSection
EndGlobal
